
Microsoft Visual Studio Solution File, Format Version 12.00
# Visual Studio Version 17
VisualStudioVersion = 17.3.32922.545
MinimumVisualStudioVersion = 10.0.40219.1
Project("{FAE04EC0-301F-11D3-BF4B-00C04F79EFBC}") = "Kronometre Yapımı", "Kronometre Yapımı\Kronometre Yapımı.csproj", "{903A7785-9FA2-4083-B872-EC00CC9A6393}"
EndProject
Global
	GlobalSection(SolutionConfigurationPlatforms) = preSolution
		Debug|Any CPU = Debug|Any CPU
		Release|Any CPU = Release|Any CPU
	EndGlobalSection
	GlobalSection(ProjectConfigurationPlatforms) = postSolution
		{903A7785-9FA2-4083-B872-EC00CC9A6393}.Debug|Any CPU.ActiveCfg = Debug|Any CPU
		{903A7785-9FA2-4083-B872-EC00CC9A6393}.Debug|Any CPU.Build.0 = Debug|Any CPU
		{903A7785-9FA2-4083-B872-EC00CC9A6393}.Release|Any CPU.ActiveCfg = Release|Any CPU
		{903A7785-9FA2-4083-B872-EC00CC9A6393}.Release|Any CPU.Build.0 = Release|Any CPU
	EndGlobalSection
	GlobalSection(SolutionProperties) = preSolution
		HideSolutionNode = FALSE
	EndGlobalSection
	GlobalSection(ExtensibilityGlobals) = postSolution
		SolutionGuid = {7C9D72E8-0F55-4C7D-8AB1-81850D28F9F4}
	EndGlobalSection
EndGlobal
