
Microsoft Visual Studio Solution File, Format Version 12.00
# Visual Studio Version 17
VisualStudioVersion = 17.3.32929.385
MinimumVisualStudioVersion = 10.0.40219.1
Project("{FAE04EC0-301F-11D3-BF4B-00C04F79EFBC}") = "random password generation", "random password generation\random password generation.csproj", "{D0649FE4-7CA0-4F7B-BD18-6210CC67D9D2}"
EndProject
Global
	GlobalSection(SolutionConfigurationPlatforms) = preSolution
		Debug|Any CPU = Debug|Any CPU
		Release|Any CPU = Release|Any CPU
	EndGlobalSection
	GlobalSection(ProjectConfigurationPlatforms) = postSolution
		{D0649FE4-7CA0-4F7B-BD18-6210CC67D9D2}.Debug|Any CPU.ActiveCfg = Debug|Any CPU
		{D0649FE4-7CA0-4F7B-BD18-6210CC67D9D2}.Debug|Any CPU.Build.0 = Debug|Any CPU
		{D0649FE4-7CA0-4F7B-BD18-6210CC67D9D2}.Release|Any CPU.ActiveCfg = Release|Any CPU
		{D0649FE4-7CA0-4F7B-BD18-6210CC67D9D2}.Release|Any CPU.Build.0 = Release|Any CPU
	EndGlobalSection
	GlobalSection(SolutionProperties) = preSolution
		HideSolutionNode = FALSE
	EndGlobalSection
	GlobalSection(ExtensibilityGlobals) = postSolution
		SolutionGuid = {23FD1B80-C9C0-4085-9D78-5C6E22A215A1}
	EndGlobalSection
EndGlobal
